
Microsoft Visual Studio Solution File, Format Version 12.00
# Visual Studio Version 17
VisualStudioVersion = 17.5.33414.496
MinimumVisualStudioVersion = 10.0.40219.1
Project("{9A19103F-16F7-4668-BE54-9A1E7A4F7556}") = "MagicVilla_VillaAPI", "MagicVilla_VillaAPI\MagicVilla_VillaAPI.csproj", "{400D8AE2-D603-4431-9E5D-F63BCE7E9877}"
EndProject
Project("{2150E333-8FDC-42A3-9474-1A3956D46DE8}") = "MagicVilla", "MagicVilla", "{9D892E2B-D261-45A7-830E-820EA9F4B5CF}"
EndProject
Project("{2150E333-8FDC-42A3-9474-1A3956D46DE8}") = "MicroRabbitMQ", "MicroRabbitMQ", "{2194EC8C-B3D8-490A-8754-04E7E918CD79}"
EndProject
Project("{2150E333-8FDC-42A3-9474-1A3956D46DE8}") = "Microservices", "Microservices", "{DE6A4660-51D7-48F3-A444-6008B04551A4}"
EndProject
Project("{2150E333-8FDC-42A3-9474-1A3956D46DE8}") = "Domain", "Domain", "{C4A0960E-4E69-432E-9421-80CC18C45EC7}"
EndProject
Project("{2150E333-8FDC-42A3-9474-1A3956D46DE8}") = "Infra.Bus", "Infra.Bus", "{F73C6525-A680-4D00-B5BC-AB902A8A1DE8}"
EndProject
Project("{2150E333-8FDC-42A3-9474-1A3956D46DE8}") = "Infra.IoC", "Infra.IoC", "{C1E7FAEF-8CA9-419A-A101-FF0400ADB18C}"
EndProject
Project("{2150E333-8FDC-42A3-9474-1A3956D46DE8}") = "Presentation", "Presentation", "{260E0664-52FE-4A9A-9095-16CA93DEF6AD}"
EndProject
Project("{FAE04EC0-301F-11D3-BF4B-00C04F79EFBC}") = "MicroRabbit.Domain.Core", "MicroRabbit.Domain.Core\MicroRabbit.Domain.Core.csproj", "{D569F3B0-440C-4F06-A3E1-CDB4DB7A2433}"
EndProject
Project("{FAE04EC0-301F-11D3-BF4B-00C04F79EFBC}") = "MicroRabbit.Infra.Bus", "MicroRabbit.Infra.Bus\MicroRabbit.Infra.Bus.csproj", "{7096899E-9E04-4513-A8E1-731D17703655}"
EndProject
Global
	GlobalSection(SolutionConfigurationPlatforms) = preSolution
		Debug|Any CPU = Debug|Any CPU
		Release|Any CPU = Release|Any CPU
	EndGlobalSection
	GlobalSection(ProjectConfigurationPlatforms) = postSolution
		{400D8AE2-D603-4431-9E5D-F63BCE7E9877}.Debug|Any CPU.ActiveCfg = Debug|Any CPU
		{400D8AE2-D603-4431-9E5D-F63BCE7E9877}.Debug|Any CPU.Build.0 = Debug|Any CPU
		{400D8AE2-D603-4431-9E5D-F63BCE7E9877}.Release|Any CPU.ActiveCfg = Release|Any CPU
		{400D8AE2-D603-4431-9E5D-F63BCE7E9877}.Release|Any CPU.Build.0 = Release|Any CPU
		{D569F3B0-440C-4F06-A3E1-CDB4DB7A2433}.Debug|Any CPU.ActiveCfg = Debug|Any CPU
		{D569F3B0-440C-4F06-A3E1-CDB4DB7A2433}.Debug|Any CPU.Build.0 = Debug|Any CPU
		{D569F3B0-440C-4F06-A3E1-CDB4DB7A2433}.Release|Any CPU.ActiveCfg = Release|Any CPU
		{D569F3B0-440C-4F06-A3E1-CDB4DB7A2433}.Release|Any CPU.Build.0 = Release|Any CPU
		{7096899E-9E04-4513-A8E1-731D17703655}.Debug|Any CPU.ActiveCfg = Debug|Any CPU
		{7096899E-9E04-4513-A8E1-731D17703655}.Debug|Any CPU.Build.0 = Debug|Any CPU
		{7096899E-9E04-4513-A8E1-731D17703655}.Release|Any CPU.ActiveCfg = Release|Any CPU
		{7096899E-9E04-4513-A8E1-731D17703655}.Release|Any CPU.Build.0 = Release|Any CPU
	EndGlobalSection
	GlobalSection(SolutionProperties) = preSolution
		HideSolutionNode = FALSE
	EndGlobalSection
	GlobalSection(NestedProjects) = preSolution
		{400D8AE2-D603-4431-9E5D-F63BCE7E9877} = {9D892E2B-D261-45A7-830E-820EA9F4B5CF}
		{DE6A4660-51D7-48F3-A444-6008B04551A4} = {2194EC8C-B3D8-490A-8754-04E7E918CD79}
		{C4A0960E-4E69-432E-9421-80CC18C45EC7} = {2194EC8C-B3D8-490A-8754-04E7E918CD79}
		{F73C6525-A680-4D00-B5BC-AB902A8A1DE8} = {2194EC8C-B3D8-490A-8754-04E7E918CD79}
		{C1E7FAEF-8CA9-419A-A101-FF0400ADB18C} = {2194EC8C-B3D8-490A-8754-04E7E918CD79}
		{260E0664-52FE-4A9A-9095-16CA93DEF6AD} = {2194EC8C-B3D8-490A-8754-04E7E918CD79}
		{D569F3B0-440C-4F06-A3E1-CDB4DB7A2433} = {C4A0960E-4E69-432E-9421-80CC18C45EC7}
		{7096899E-9E04-4513-A8E1-731D17703655} = {F73C6525-A680-4D00-B5BC-AB902A8A1DE8}
	EndGlobalSection
	GlobalSection(ExtensibilityGlobals) = postSolution
		SolutionGuid = {9F9A462C-A181-41E2-A1CB-B9A41261B35B}
	EndGlobalSection
EndGlobal
